
Microsoft Visual Studio Solution File, Format Version 12.00
# Visual Studio Version 17
VisualStudioVersion = 17.0.31903.59
MinimumVisualStudioVersion = 10.0.40219.1
Project("{2150E333-8FDC-42A3-9474-1A3956D46DE8}") = "src", "src", "{827E0CD3-B72D-47B6-A68D-7590B98EB39B}"
EndProject
Project("{FAE04EC0-301F-11D3-BF4B-00C04F79EFBC}") = "TennisSim.Core", "src\TennisSim.Core\TennisSim.Core.csproj", "{C869952B-FCE6-4F34-86D6-B103CD00172C}"
EndProject
Project("{FAE04EC0-301F-11D3-BF4B-00C04F79EFBC}") = "TennisSim.Cli", "src\TennisSim.Cli\TennisSim.Cli.csproj", "{4CA1BE8F-BE1E-4EB1-BD95-8AD45D358AB9}"
EndProject
Project("{2150E333-8FDC-42A3-9474-1A3956D46DE8}") = "tests", "tests", "{0AB3BF05-4346-4AA6-1389-037BE0695223}"
EndProject
Project("{FAE04EC0-301F-11D3-BF4B-00C04F79EFBC}") = "TennisSim.Tests", "tests\TennisSim.Tests\TennisSim.Tests.csproj", "{F5A1512D-CBE1-4446-91B5-FC5B052015FF}"
EndProject
Project("{FAE04EC0-301F-11D3-BF4B-00C04F79EFBC}") = "TennisSim.Calibration", "src\TennisSim.Calibration\TennisSim.Calibration.csproj", "{B0BD7D1E-16B1-4BDB-B539-C18E278EE8EE}"
EndProject
Project("{FAE04EC0-301F-11D3-BF4B-00C04F79EFBC}") = "TennisSim.CoachChecks", "tests\TennisSim.CoachChecks\TennisSim.CoachChecks.csproj", "{84A6C5B8-2829-4E71-9015-8110160DB33C}"
EndProject
Project("{2150E333-8FDC-42A3-9474-1A3956D46DE8}") = "tools", "tools", "{07C2787E-EAC7-C090-1BA3-A61EC2A24D84}"
EndProject
Project("{FAE04EC0-301F-11D3-BF4B-00C04F79EFBC}") = "TennisSim.BroadcastPreview", "tools\TennisSim.BroadcastPreview\TennisSim.BroadcastPreview.csproj", "{8655F402-2800-4CB6-AAF0-A71BF4415917}"
EndProject
Project("{FAE04EC0-301F-11D3-BF4B-00C04F79EFBC}") = "TennisSim.RuntimeCompileCheck", "tests\TennisSim.RuntimeCompileCheck\TennisSim.RuntimeCompileCheck.csproj", "{E18B97AC-C1A6-4AF2-B601-F2B45300DE59}"
EndProject
Global
	GlobalSection(SolutionConfigurationPlatforms) = preSolution
		Debug|Any CPU = Debug|Any CPU
		Debug|x64 = Debug|x64
		Debug|x86 = Debug|x86
		Release|Any CPU = Release|Any CPU
		Release|x64 = Release|x64
		Release|x86 = Release|x86
	EndGlobalSection
	GlobalSection(ProjectConfigurationPlatforms) = postSolution
		{C869952B-FCE6-4F34-86D6-B103CD00172C}.Debug|Any CPU.ActiveCfg = Debug|Any CPU
		{C869952B-FCE6-4F34-86D6-B103CD00172C}.Debug|Any CPU.Build.0 = Debug|Any CPU
		{C869952B-FCE6-4F34-86D6-B103CD00172C}.Debug|x64.ActiveCfg = Debug|Any CPU
		{C869952B-FCE6-4F34-86D6-B103CD00172C}.Debug|x64.Build.0 = Debug|Any CPU
		{C869952B-FCE6-4F34-86D6-B103CD00172C}.Debug|x86.ActiveCfg = Debug|Any CPU
		{C869952B-FCE6-4F34-86D6-B103CD00172C}.Debug|x86.Build.0 = Debug|Any CPU
		{C869952B-FCE6-4F34-86D6-B103CD00172C}.Release|Any CPU.ActiveCfg = Release|Any CPU
		{C869952B-FCE6-4F34-86D6-B103CD00172C}.Release|Any CPU.Build.0 = Release|Any CPU
		{C869952B-FCE6-4F34-86D6-B103CD00172C}.Release|x64.ActiveCfg = Release|Any CPU
		{C869952B-FCE6-4F34-86D6-B103CD00172C}.Release|x64.Build.0 = Release|Any CPU
		{C869952B-FCE6-4F34-86D6-B103CD00172C}.Release|x86.ActiveCfg = Release|Any CPU
		{C869952B-FCE6-4F34-86D6-B103CD00172C}.Release|x86.Build.0 = Release|Any CPU
		{4CA1BE8F-BE1E-4EB1-BD95-8AD45D358AB9}.Debug|Any CPU.ActiveCfg = Debug|Any CPU
		{4CA1BE8F-BE1E-4EB1-BD95-8AD45D358AB9}.Debug|Any CPU.Build.0 = Debug|Any CPU
		{4CA1BE8F-BE1E-4EB1-BD95-8AD45D358AB9}.Debug|x64.ActiveCfg = Debug|Any CPU
		{4CA1BE8F-BE1E-4EB1-BD95-8AD45D358AB9}.Debug|x64.Build.0 = Debug|Any CPU
		{4CA1BE8F-BE1E-4EB1-BD95-8AD45D358AB9}.Debug|x86.ActiveCfg = Debug|Any CPU
		{4CA1BE8F-BE1E-4EB1-BD95-8AD45D358AB9}.Debug|x86.Build.0 = Debug|Any CPU
		{4CA1BE8F-BE1E-4EB1-BD95-8AD45D358AB9}.Release|Any CPU.ActiveCfg = Release|Any CPU
		{4CA1BE8F-BE1E-4EB1-BD95-8AD45D358AB9}.Release|Any CPU.Build.0 = Release|Any CPU
		{4CA1BE8F-BE1E-4EB1-BD95-8AD45D358AB9}.Release|x64.ActiveCfg = Release|Any CPU
		{4CA1BE8F-BE1E-4EB1-BD95-8AD45D358AB9}.Release|x64.Build.0 = Release|Any CPU
		{4CA1BE8F-BE1E-4EB1-BD95-8AD45D358AB9}.Release|x86.ActiveCfg = Release|Any CPU
		{4CA1BE8F-BE1E-4EB1-BD95-8AD45D358AB9}.Release|x86.Build.0 = Release|Any CPU
		{F5A1512D-CBE1-4446-91B5-FC5B052015FF}.Debug|Any CPU.ActiveCfg = Debug|Any CPU
		{F5A1512D-CBE1-4446-91B5-FC5B052015FF}.Debug|Any CPU.Build.0 = Debug|Any CPU
		{F5A1512D-CBE1-4446-91B5-FC5B052015FF}.Debug|x64.ActiveCfg = Debug|Any CPU
		{F5A1512D-CBE1-4446-91B5-FC5B052015FF}.Debug|x64.Build.0 = Debug|Any CPU
		{F5A1512D-CBE1-4446-91B5-FC5B052015FF}.Debug|x86.ActiveCfg = Debug|Any CPU
		{F5A1512D-CBE1-4446-91B5-FC5B052015FF}.Debug|x86.Build.0 = Debug|Any CPU
		{F5A1512D-CBE1-4446-91B5-FC5B052015FF}.Release|Any CPU.ActiveCfg = Release|Any CPU
		{F5A1512D-CBE1-4446-91B5-FC5B052015FF}.Release|Any CPU.Build.0 = Release|Any CPU
		{F5A1512D-CBE1-4446-91B5-FC5B052015FF}.Release|x64.ActiveCfg = Release|Any CPU
		{F5A1512D-CBE1-4446-91B5-FC5B052015FF}.Release|x64.Build.0 = Release|Any CPU
		{F5A1512D-CBE1-4446-91B5-FC5B052015FF}.Release|x86.ActiveCfg = Release|Any CPU
		{F5A1512D-CBE1-4446-91B5-FC5B052015FF}.Release|x86.Build.0 = Release|Any CPU
		{B0BD7D1E-16B1-4BDB-B539-C18E278EE8EE}.Debug|Any CPU.ActiveCfg = Debug|Any CPU
		{B0BD7D1E-16B1-4BDB-B539-C18E278EE8EE}.Debug|Any CPU.Build.0 = Debug|Any CPU
		{B0BD7D1E-16B1-4BDB-B539-C18E278EE8EE}.Debug|x64.ActiveCfg = Debug|Any CPU
		{B0BD7D1E-16B1-4BDB-B539-C18E278EE8EE}.Debug|x64.Build.0 = Debug|Any CPU
		{B0BD7D1E-16B1-4BDB-B539-C18E278EE8EE}.Debug|x86.ActiveCfg = Debug|Any CPU
		{B0BD7D1E-16B1-4BDB-B539-C18E278EE8EE}.Debug|x86.Build.0 = Debug|Any CPU
		{B0BD7D1E-16B1-4BDB-B539-C18E278EE8EE}.Release|Any CPU.ActiveCfg = Release|Any CPU
		{B0BD7D1E-16B1-4BDB-B539-C18E278EE8EE}.Release|Any CPU.Build.0 = Release|Any CPU
		{B0BD7D1E-16B1-4BDB-B539-C18E278EE8EE}.Release|x64.ActiveCfg = Release|Any CPU
		{B0BD7D1E-16B1-4BDB-B539-C18E278EE8EE}.Release|x64.Build.0 = Release|Any CPU
		{B0BD7D1E-16B1-4BDB-B539-C18E278EE8EE}.Release|x86.ActiveCfg = Release|Any CPU
		{B0BD7D1E-16B1-4BDB-B539-C18E278EE8EE}.Release|x86.Build.0 = Release|Any CPU
		{84A6C5B8-2829-4E71-9015-8110160DB33C}.Debug|Any CPU.ActiveCfg = Debug|Any CPU
		{84A6C5B8-2829-4E71-9015-8110160DB33C}.Debug|Any CPU.Build.0 = Debug|Any CPU
		{84A6C5B8-2829-4E71-9015-8110160DB33C}.Debug|x64.ActiveCfg = Debug|Any CPU
		{84A6C5B8-2829-4E71-9015-8110160DB33C}.Debug|x64.Build.0 = Debug|Any CPU
		{84A6C5B8-2829-4E71-9015-8110160DB33C}.Debug|x86.ActiveCfg = Debug|Any CPU
		{84A6C5B8-2829-4E71-9015-8110160DB33C}.Debug|x86.Build.0 = Debug|Any CPU
		{84A6C5B8-2829-4E71-9015-8110160DB33C}.Release|Any CPU.ActiveCfg = Release|Any CPU
		{84A6C5B8-2829-4E71-9015-8110160DB33C}.Release|Any CPU.Build.0 = Release|Any CPU
		{84A6C5B8-2829-4E71-9015-8110160DB33C}.Release|x64.ActiveCfg = Release|Any CPU
		{84A6C5B8-2829-4E71-9015-8110160DB33C}.Release|x64.Build.0 = Release|Any CPU
		{84A6C5B8-2829-4E71-9015-8110160DB33C}.Release|x86.ActiveCfg = Release|Any CPU
		{84A6C5B8-2829-4E71-9015-8110160DB33C}.Release|x86.Build.0 = Release|Any CPU
		{8655F402-2800-4CB6-AAF0-A71BF4415917}.Debug|Any CPU.ActiveCfg = Debug|Any CPU
		{8655F402-2800-4CB6-AAF0-A71BF4415917}.Debug|Any CPU.Build.0 = Debug|Any CPU
		{8655F402-2800-4CB6-AAF0-A71BF4415917}.Debug|x64.ActiveCfg = Debug|Any CPU
		{8655F402-2800-4CB6-AAF0-A71BF4415917}.Debug|x64.Build.0 = Debug|Any CPU
		{8655F402-2800-4CB6-AAF0-A71BF4415917}.Debug|x86.ActiveCfg = Debug|Any CPU
		{8655F402-2800-4CB6-AAF0-A71BF4415917}.Debug|x86.Build.0 = Debug|Any CPU
		{8655F402-2800-4CB6-AAF0-A71BF4415917}.Release|Any CPU.ActiveCfg = Release|Any CPU
		{8655F402-2800-4CB6-AAF0-A71BF4415917}.Release|Any CPU.Build.0 = Release|Any CPU
		{8655F402-2800-4CB6-AAF0-A71BF4415917}.Release|x64.ActiveCfg = Release|Any CPU
		{8655F402-2800-4CB6-AAF0-A71BF4415917}.Release|x64.Build.0 = Release|Any CPU
		{8655F402-2800-4CB6-AAF0-A71BF4415917}.Release|x86.ActiveCfg = Release|Any CPU
		{8655F402-2800-4CB6-AAF0-A71BF4415917}.Release|x86.Build.0 = Release|Any CPU
		{E18B97AC-C1A6-4AF2-B601-F2B45300DE59}.Debug|Any CPU.ActiveCfg = Debug|Any CPU
		{E18B97AC-C1A6-4AF2-B601-F2B45300DE59}.Debug|Any CPU.Build.0 = Debug|Any CPU
		{E18B97AC-C1A6-4AF2-B601-F2B45300DE59}.Debug|x64.ActiveCfg = Debug|Any CPU
		{E18B97AC-C1A6-4AF2-B601-F2B45300DE59}.Debug|x64.Build.0 = Debug|Any CPU
		{E18B97AC-C1A6-4AF2-B601-F2B45300DE59}.Debug|x86.ActiveCfg = Debug|Any CPU
		{E18B97AC-C1A6-4AF2-B601-F2B45300DE59}.Debug|x86.Build.0 = Debug|Any CPU
		{E18B97AC-C1A6-4AF2-B601-F2B45300DE59}.Release|Any CPU.ActiveCfg = Release|Any CPU
		{E18B97AC-C1A6-4AF2-B601-F2B45300DE59}.Release|Any CPU.Build.0 = Release|Any CPU
		{E18B97AC-C1A6-4AF2-B601-F2B45300DE59}.Release|x64.ActiveCfg = Release|Any CPU
		{E18B97AC-C1A6-4AF2-B601-F2B45300DE59}.Release|x64.Build.0 = Release|Any CPU
		{E18B97AC-C1A6-4AF2-B601-F2B45300DE59}.Release|x86.ActiveCfg = Release|Any CPU
		{E18B97AC-C1A6-4AF2-B601-F2B45300DE59}.Release|x86.Build.0 = Release|Any CPU
	EndGlobalSection
	GlobalSection(SolutionProperties) = preSolution
		HideSolutionNode = FALSE
	EndGlobalSection
	GlobalSection(NestedProjects) = preSolution
		{C869952B-FCE6-4F34-86D6-B103CD00172C} = {827E0CD3-B72D-47B6-A68D-7590B98EB39B}
		{4CA1BE8F-BE1E-4EB1-BD95-8AD45D358AB9} = {827E0CD3-B72D-47B6-A68D-7590B98EB39B}
		{F5A1512D-CBE1-4446-91B5-FC5B052015FF} = {0AB3BF05-4346-4AA6-1389-037BE0695223}
		{B0BD7D1E-16B1-4BDB-B539-C18E278EE8EE} = {827E0CD3-B72D-47B6-A68D-7590B98EB39B}
		{84A6C5B8-2829-4E71-9015-8110160DB33C} = {0AB3BF05-4346-4AA6-1389-037BE0695223}
		{8655F402-2800-4CB6-AAF0-A71BF4415917} = {07C2787E-EAC7-C090-1BA3-A61EC2A24D84}
		{E18B97AC-C1A6-4AF2-B601-F2B45300DE59} = {0AB3BF05-4346-4AA6-1389-037BE0695223}
	EndGlobalSection
EndGlobal
