<Solution>
  <Project Path="TennisSim.Coach.csproj" />
  <Project Path="TennisSim.Viewer.EditMode.csproj" />
  <Project Path="TennisSim.Coach.App.csproj" />
  <Project Path="TennisSim.Viewer.Checks.csproj" />
  <Project Path="TennisSim.Viewer.Data.csproj" />
  <Project Path="TennisSim.Coach.PlayMode.csproj" />
  <Project Path="TennisSim.Viewer.Editor.csproj" />
  <Project Path="TennisSim.Viewer.csproj" />
  <Project Path="TennisSim.Viewer.PlayMode.csproj" />
  <Project Path="TennisSim.Coach.Editor.csproj" />
</Solution>
